// !$*UTF8*$!
{
	archiveVersion = 1;
	classes = {
	};
	objectVersion = 46;
	objects = {

/* Begin PBXBuildFile section */
		BF8591AC1E663938009C6ABC /* AppDelegate.swift in Sources */ = {isa = PBXBuildFile; fileRef = BF8591AB1E663938009C6ABC /* AppDelegate.swift */; };
		BF8591AE1E663938009C6ABC /* ViewController.swift in Sources */ = {isa = PBXBuildFile; fileRef = BF8591AD1E663938009C6ABC /* ViewController.swift */; };
		BF8591B11E663938009C6ABC /* Main.storyboard in Resources */ = {isa = PBXBuildFile; fileRef = BF8591AF1E663938009C6ABC /* Main.storyboard */; };
		BF8591B31E663938009C6ABC /* Assets.xcassets in Resources */ = {isa = PBXBuildFile; fileRef = BF8591B21E663938009C6ABC /* Assets.xcassets */; };
		BF8591B61E663938009C6ABC /* LaunchScreen.storyboard in Resources */ = {isa = PBXBuildFile; fileRef = BF8591B41E663938009C6ABC /* LaunchScreen.storyboard */; };
		BFB482CA1E668CCD002720F2 /* Http.swift in Sources */ = {isa = PBXBuildFile; fileRef = BFB482C91E668CCD002720F2 /* Http.swift */; };
		EB62C713922D5FDDCB3737C6 /* Pods_TableViewTest.framework in Frameworks */ = {isa = PBXBuildFile; fileRef = 2AAB75EBFA420F6F6DB0CD1F /* Pods_TableViewTest.framework */; };
/* End PBXBuildFile section */

/* Begin PBXFileReference section */
		2AAB75EBFA420F6F6DB0CD1F /* Pods_TableViewTest.framework */ = {isa = PBXFileReference; explicitFileType = wrapper.framework; includeInIndex = 0; path = Pods_TableViewTest.framework; sourceTree = BUILT_PRODUCTS_DIR; };
		378F9920748EA79B79C8D527 /* Pods-TableViewTest.debug.xcconfig */ = {isa = PBXFileReference; includeInIndex = 1; lastKnownFileType = text.xcconfig; name = "Pods-TableViewTest.debug.xcconfig"; path = "Pods/Target Support Files/Pods-TableViewTest/Pods-TableViewTest.debug.xcconfig"; sourceTree = "<group>"; };
		63C9A5F279B7057279DEEAC2 /* Pods-TableViewTest.release.xcconfig */ = {isa = PBXFileReference; includeInIndex = 1; lastKnownFileType = text.xcconfig; name = "Pods-TableViewTest.release.xcconfig"; path = "Pods/Target Support Files/Pods-TableViewTest/Pods-TableViewTest.release.xcconfig"; sourceTree = "<group>"; };
		BF8591A81E663938009C6ABC /* TableViewTest.app */ = {isa = PBXFileReference; explicitFileType = wrapper.application; includeInIndex = 0; path = TableViewTest.app; sourceTree = BUILT_PRODUCTS_DIR; };
		BF8591AB1E663938009C6ABC /* AppDelegate.swift */ = {isa = PBXFileReference; lastKnownFileType = sourcecode.swift; path = AppDelegate.swift; sourceTree = "<group>"; };
		BF8591AD1E663938009C6ABC /* ViewController.swift */ = {isa = PBXFileReference; lastKnownFileType = sourcecode.swift; path = ViewController.swift; sourceTree = "<group>"; };
		BF8591B01E663938009C6ABC /* Base */ = {isa = PBXFileReference; lastKnownFileType = file.storyboard; name = Base; path = Base.lproj/Main.storyboard; sourceTree = "<group>"; };
		BF8591B21E663938009C6ABC /* Assets.xcassets */ = {isa = PBXFileReference; lastKnownFileType = folder.assetcatalog; path = Assets.xcassets; sourceTree = "<group>"; };
		BF8591B51E663938009C6ABC /* Base */ = {isa = PBXFileReference; lastKnownFileType = file.storyboard; name = Base; path = Base.lproj/LaunchScreen.storyboard; sourceTree = "<group>"; };
		BF8591B71E663938009C6ABC /* Info.plist */ = {isa = PBXFileReference; lastKnownFileType = text.plist.xml; path = Info.plist; sourceTree = "<group>"; };
		BFB482C91E668CCD002720F2 /* Http.swift */ = {isa = PBXFileReference; fileEncoding = 4; lastKnownFileType = sourcecode.swift; path = Http.swift; sourceTree = "<group>"; };
/* End PBXFileReference section */

/* Begin PBXFrameworksBuildPhase section */
		BF8591A51E663938009C6ABC /* Frameworks */ = {
			isa = PBXFrameworksBuildPhase;
			buildActionMask = 2147483647;
			files = (
				EB62C713922D5FDDCB3737C6 /* Pods_TableViewTest.framework in Frameworks */,
			);
			runOnlyForDeploymentPostprocessing = 0;
		};
/* End PBXFrameworksBuildPhase section */

/* Begin PBXGroup section */
		06F7B6A9EA8B35A71A2ACFD3 /* Pods */ = {
			isa = PBXGroup;
			children = (
				378F9920748EA79B79C8D527 /* Pods-TableViewTest.debug.xcconfig */,
				63C9A5F279B7057279DEEAC2 /* Pods-TableViewTest.release.xcconfig */,
			);
			name = Pods;
			sourceTree = "<group>";
		};
		97EB50B8036D6970F411589E /* Frameworks */ = {
			isa = PBXGroup;
			children = (
				2AAB75EBFA420F6F6DB0CD1F /* Pods_TableViewTest.framework */,
			);
			name = Frameworks;
			sourceTree = "<group>";
		};
		BF85919F1E663938009C6ABC = {
			isa = PBXGroup;
			children = (
				BF8591AA1E663938009C6ABC /* TableViewTest */,
				BF8591A91E663938009C6ABC /* Products */,
				06F7B6A9EA8B35A71A2ACFD3 /* Pods */,
				97EB50B8036D6970F411589E /* Frameworks */,
			);
			sourceTree = "<group>";
		};
		BF8591A91E663938009C6ABC /* Products */ = {
			isa = PBXGroup;
			children = (
				BF8591A81E663938009C6ABC /* TableViewTest.app */,
			);
			name = Products;
			sourceTree = "<group>";
		};
		BF8591AA1E663938009C6ABC /* TableViewTest */ = {
			isa = PBXGroup;
			children = (
				BF8591AB1E663938009C6ABC /* AppDelegate.swift */,
				BF8591AD1E663938009C6ABC /* ViewController.swift */,
				BF8591AF1E663938009C6ABC /* Main.storyboard */,
				BF8591B21E663938009C6ABC /* Assets.xcassets */,
				BF8591B41E663938009C6ABC /* LaunchScreen.storyboard */,
				BF8591B71E663938009C6ABC /* Info.plist */,
				BFB482C91E668CCD002720F2 /* Http.swift */,
			);
			path = TableViewTest;
			sourceTree = "<group>";
		};
/* End PBXGroup section */

/* Begin PBXNativeTarget section */
		BF8591A71E663938009C6ABC /* TableViewTest */ = {
			isa = PBXNativeTarget;
			buildConfigurationList = BF8591BA1E663938009C6ABC /* Build configuration list for PBXNativeTarget "TableViewTest" */;
			buildPhases = (
				00A7313B46CBD1080C3AA25D /* [CP] Check Pods Manifest.lock */,
				BF8591A41E663938009C6ABC /* Sources */,
				BF8591A51E663938009C6ABC /* Frameworks */,
				BF8591A61E663938009C6ABC /* Resources */,
				1425B3A1F409CBEAEA64882C /* [CP] Embed Pods Frameworks */,
				8A70EA2D7EFC7488118F3E7E /* [CP] Copy Pods Resources */,
			);
			buildRules = (
			);
			dependencies = (
			);
			name = TableViewTest;
			productName = TableViewTest;
			productReference = BF8591A81E663938009C6ABC /* TableViewTest.app */;
			productType = "com.apple.product-type.application";
		};
/* End PBXNativeTarget section */

/* Begin PBXProject section */
		BF8591A01E663938009C6ABC /* Project object */ = {
			isa = PBXProject;
			attributes = {
				LastSwiftUpdateCheck = 0820;
				LastUpgradeCheck = 0820;
				ORGANIZATIONNAME = zackzhu;
				TargetAttributes = {
					BF8591A71E663938009C6ABC = {
						CreatedOnToolsVersion = 8.2.1;
						DevelopmentTeam = HZ32KGWJ68;
						ProvisioningStyle = Automatic;
					};
				};
			};
			buildConfigurationList = BF8591A31E663938009C6ABC /* Build configuration list for PBXProject "TableViewTest" */;
			compatibilityVersion = "Xcode 3.2";
			developmentRegion = English;
			hasScannedForEncodings = 0;
			knownRegions = (
				en,
				Base,
			);
			mainGroup = BF85919F1E663938009C6ABC;
			productRefGroup = BF8591A91E663938009C6ABC /* Products */;
			projectDirPath = "";
			projectRoot = "";
			targets = (
				BF8591A71E663938009C6ABC /* TableViewTest */,
			);
		};
/* End PBXProject section */

/* Begin PBXResourcesBuildPhase section */
		BF8591A61E663938009C6ABC /* Resources */ = {
			isa = PBXResourcesBuildPhase;
			buildActionMask = 2147483647;
			files = (
				BF8591B61E663938009C6ABC /* LaunchScreen.storyboard in Resources */,
				BF8591B31E663938009C6ABC /* Assets.xcassets in Resources */,
				BF8591B11E663938009C6ABC /* Main.storyboard in Resources */,
			);
			runOnlyForDeploymentPostprocessing = 0;
		};
/* End PBXResourcesBuildPhase section */

/* Begin PBXShellScriptBuildPhase section */
		00A7313B46CBD1080C3AA25D /* [CP] Check Pods Manifest.lock */ = {
			isa = PBXShellScriptBuildPhase;
			buildActionMask = 2147483647;
			files = (
			);
			inputPaths = (
			);
			name = "[CP] Check Pods Manifest.lock";
			outputPaths = (
			);
			runOnlyForDeploymentPostprocessing = 0;
			shellPath = /bin/sh;
			shellScript = "diff \"${PODS_ROOT}/../Podfile.lock\" \"${PODS_ROOT}/Manifest.lock\" > /dev/null\nif [ $? != 0 ] ; then\n    # print error to STDERR\n    echo \"error: The sandbox is not in sync with the Podfile.lock. Run 'pod install' or update your CocoaPods installation.\" >&2\n    exit 1\nfi\n";
			showEnvVarsInLog = 0;
		};
		1425B3A1F409CBEAEA64882C /* [CP] Embed Pods Frameworks */ = {
			isa = PBXShellScriptBuildPhase;
			buildActionMask = 2147483647;
			files = (
			);
			inputPaths = (
			);
			name = "[CP] Embed Pods Frameworks";
			outputPaths = (
			);
			runOnlyForDeploymentPostprocessing = 0;
			shellPath = /bin/sh;
			shellScript = "\"${SRCROOT}/Pods/Target Support Files/Pods-TableViewTest/Pods-TableViewTest-frameworks.sh\"\n";
			showEnvVarsInLog = 0;
		};
		8A70EA2D7EFC7488118F3E7E /* [CP] Copy Pods Resources */ = {
			isa = PBXShellScriptBuildPhase;
			buildActionMask = 2147483647;
			files = (
			);
			inputPaths = (
			);
			name = "[CP] Copy Pods Resources";
			outputPaths = (
			);
			runOnlyForDeploymentPostprocessing = 0;
			shellPath = /bin/sh;
			shellScript = "\"${SRCROOT}/Pods/Target Support Files/Pods-TableViewTest/Pods-TableViewTest-resources.sh\"\n";
			showEnvVarsInLog = 0;
		};
/* End PBXShellScriptBuildPhase section */

/* Begin PBXSourcesBuildPhase section */
		BF8591A41E663938009C6ABC /* Sources */ = {
			isa = PBXSourcesBuildPhase;
			buildActionMask = 2147483647;
			files = (
				BF8591AE1E663938009C6ABC /* ViewController.swift in Sources */,
				BF8591AC1E663938009C6ABC /* AppDelegate.swift in Sources */,
				BFB482CA1E668CCD002720F2 /* Http.swift in Sources */,
			);
			runOnlyForDeploymentPostprocessing = 0;
		};
/* End PBXSourcesBuildPhase section */

/* Begin PBXVariantGroup section */
		BF8591AF1E663938009C6ABC /* Main.storyboard */ = {
			isa = PBXVariantGroup;
			children = (
				BF8591B01E663938009C6ABC /* Base */,
			);
			name = Main.storyboard;
			sourceTree = "<group>";
		};
		BF8591B41E663938009C6ABC /* LaunchScreen.storyboard */ = {
			isa = PBXVariantGroup;
			children = (
				BF8591B51E663938009C6ABC /* Base */,
			);
			name = LaunchScreen.storyboard;
			sourceTree = "<group>";
		};
/* End PBXVariantGroup section */

/* Begin XCBuildConfiguration section */
		BF8591B81E663938009C6ABC /* Debug */ = {
			isa = XCBuildConfiguration;
			buildSettings = {
				ALWAYS_SEARCH_USER_PATHS = NO;
				CLANG_ANALYZER_NONNULL = YES;
				CLANG_CXX_LANGUAGE_STANDARD = "gnu++0x";
				CLANG_CXX_LIBRARY = "libc++";
				CLANG_ENABLE_MODULES = YES;
				CLANG_ENABLE_OBJC_ARC = YES;
				CLANG_WARN_BOOL_CONVERSION = YES;
				CLANG_WARN_CONSTANT_CONVERSION = YES;
				CLANG_WARN_DIRECT_OBJC_ISA_USAGE = YES_ERROR;
				CLANG_WARN_DOCUMENTATION_COMMENTS = YES;
				CLANG_WARN_EMPTY_BODY = YES;
				CLANG_WARN_ENUM_CONVERSION = YES;
				CLANG_WARN_INFINITE_RECURSION = YES;
				CLANG_WARN_INT_CONVERSION = YES;
				CLANG_WARN_OBJC_ROOT_CLASS = YES_ERROR;
				CLANG_WARN_SUSPICIOUS_MOVE = YES;
				CLANG_WARN_UNREACHABLE_CODE = YES;
				CLANG_WARN__DUPLICATE_METHOD_MATCH = YES;
				"CODE_SIGN_IDENTITY[sdk=iphoneos*]" = "iPhone Developer";
				COPY_PHASE_STRIP = NO;
				DEBUG_INFORMATION_FORMAT = dwarf;
				ENABLE_STRICT_OBJC_MSGSEND = YES;
				ENABLE_TESTABILITY = YES;
				GCC_C_LANGUAGE_STANDARD = gnu99;
				GCC_DYNAMIC_NO_PIC = NO;
				GCC_NO_COMMON_BLOCKS = YES;
				GCC_OPTIMIZATION_LEVEL = 0;
				GCC_PREPROCESSOR_DEFINITIONS = (
					"DEBUG=1",
					"$(inherited)",
				);
				GCC_WARN_64_TO_32_BIT_CONVERSION = YES;
				GCC_WARN_ABOUT_RETURN_TYPE = YES_ERROR;
				GCC_WARN_UNDECLARED_SELECTOR = YES;
				GCC_WARN_UNINITIALIZED_AUTOS = YES_AGGRESSIVE;
				GCC_WARN_UNUSED_FUNCTION = YES;
				GCC_WARN_UNUSED_VARIABLE = YES;
				IPHONEOS_DEPLOYMENT_TARGET = 10.2;
				MTL_ENABLE_DEBUG_INFO = YES;
				ONLY_ACTIVE_ARCH = YES;
				SDKROOT = iphoneos;
				SWIFT_ACTIVE_COMPILATION_CONDITIONS = DEBUG;
				SWIFT_OPTIMIZATION_LEVEL = "-Onone";
				TARGETED_DEVICE_FAMILY = "1,2";
			};
			name = Debug;
		};
		BF8591B91E663938009C6ABC /* Release */ = {
			isa = XCBuildConfiguration;
			buildSettings = {
				ALWAYS_SEARCH_USER_PATHS = NO;
				CLANG_ANALYZER_NONNULL = YES;
				CLANG_CXX_LANGUAGE_STANDARD = "gnu++0x";
				CLANG_CXX_LIBRARY = "libc++";
				CLANG_ENABLE_MODULES = YES;
				CLANG_ENABLE_OBJC_ARC = YES;
				CLANG_WARN_BOOL_CONVERSION = YES;
				CLANG_WARN_CONSTANT_CONVERSION = YES;
				CLANG_WARN_DIRECT_OBJC_ISA_USAGE = YES_ERROR;
				CLANG_WARN_DOCUMENTATION_COMMENTS = YES;
				CLANG_WARN_EMPTY_BODY = YES;
				CLANG_WARN_ENUM_CONVERSION = YES;
				CLANG_WARN_INFINITE_RECURSION = YES;
				CLANG_WARN_INT_CONVERSION = YES;
				CLANG_WARN_OBJC_ROOT_CLASS = YES_ERROR;
				CLANG_WARN_SUSPICIOUS_MOVE = YES;
				CLANG_WARN_UNREACHABLE_CODE = YES;
				CLANG_WARN__DUPLICATE_METHOD_MATCH = YES;
				"CODE_SIGN_IDENTITY[sdk=iphoneos*]" = "iPhone Developer";
				COPY_PHASE_STRIP = NO;
				DEBUG_INFORMATION_FORMAT = "dwarf-with-dsym";
				ENABLE_NS_ASSERTIONS = NO;
				ENABLE_STRICT_OBJC_MSGSEND = YES;
				GCC_C_LANGUAGE_STANDARD = gnu99;
				GCC_NO_COMMON_BLOCKS = YES;
				GCC_WARN_64_TO_32_BIT_CONVERSION = YES;
				GCC_WARN_ABOUT_RETURN_TYPE = YES_ERROR;
				GCC_WARN_UNDECLARED_SELECTOR = YES;
				GCC_WARN_UNINITIALIZED_AUTOS = YES_AGGRESSIVE;
				GCC_WARN_UNUSED_FUNCTION = YES;
				GCC_WARN_UNUSED_VARIABLE = YES;
				IPHONEOS_DEPLOYMENT_TARGET = 10.2;
				MTL_ENABLE_DEBUG_INFO = NO;
				SDKROOT = iphoneos;
				SWIFT_OPTIMIZATION_LEVEL = "-Owholemodule";
				TARGETED_DEVICE_FAMILY = "1,2";
				VALIDATE_PRODUCT = YES;
			};
			name = Release;
		};
		BF8591BB1E663938009C6ABC /* Debug */ = {
			isa = XCBuildConfiguration;
			baseConfigurationReference = 378F9920748EA79B79C8D527 /* Pods-TableViewTest.debug.xcconfig */;
			buildSettings = {
				ASSETCATALOG_COMPILER_APPICON_NAME = AppIcon;
				DEVELOPMENT_TEAM = HZ32KGWJ68;
				INFOPLIST_FILE = TableViewTest/Info.plist;
				LD_RUNPATH_SEARCH_PATHS = "$(inherited) @executable_path/Frameworks";
				PRODUCT_BUNDLE_IDENTIFIER = com.zackzhu.TableViewTest;
				PRODUCT_NAME = "$(TARGET_NAME)";
				SWIFT_VERSION = 3.0;
			};
			name = Debug;
		};
		BF8591BC1E663938009C6ABC /* Release */ = {
			isa = XCBuildConfiguration;
			baseConfigurationReference = 63C9A5F279B7057279DEEAC2 /* Pods-TableViewTest.release.xcconfig */;
			buildSettings = {
				ASSETCATALOG_COMPILER_APPICON_NAME = AppIcon;
				DEVELOPMENT_TEAM = HZ32KGWJ68;
				INFOPLIST_FILE = TableViewTest/Info.plist;
				LD_RUNPATH_SEARCH_PATHS = "$(inherited) @executable_path/Frameworks";
				PRODUCT_BUNDLE_IDENTIFIER = com.zackzhu.TableViewTest;
				PRODUCT_NAME = "$(TARGET_NAME)";
				SWIFT_VERSION = 3.0;
			};
			name = Release;
		};
/* End XCBuildConfiguration section */

/* Begin XCConfigurationList section */
		BF8591A31E663938009C6ABC /* Build configuration list for PBXProject "TableViewTest" */ = {
			isa = XCConfigurationList;
			buildConfigurations = (
				BF8591B81E663938009C6ABC /* Debug */,
				BF8591B91E663938009C6ABC /* Release */,
			);
			defaultConfigurationIsVisible = 0;
			defaultConfigurationName = Release;
		};
		BF8591BA1E663938009C6ABC /* Build configuration list for PBXNativeTarget "TableViewTest" */ = {
			isa = XCConfigurationList;
			buildConfigurations = (
				BF8591BB1E663938009C6ABC /* Debug */,
				BF8591BC1E663938009C6ABC /* Release */,
			);
			defaultConfigurationIsVisible = 0;
			defaultConfigurationName = Release;
		};
/* End XCConfigurationList section */
	};
	rootObject = BF8591A01E663938009C6ABC /* Project object */;
}
